{
  "name": "server",
  "lockfileVersion": 3,
  "requires": true,
  "packages": {
    "": {
      "dependencies": {
        "r3f-multiplayer-server": "file:.."
      }
    },
    "..": {
      "name": "r3f-multiplayer-server",
      "version": "0.1.0",
      "dependencies": {
        "cors": "^2.8.5",
        "express": "^4.21.2",
        "socket.io": "^4.8.1"
      },
      "devDependencies": {
        "nodemon": "^3.1.7"
      }
    },
    "node_modules/r3f-multiplayer-server": {
      "resolved": "..",
      "link": true
    }
  }
}
